// !$*UTF8*$!
{
	archiveVersion = 1;
	classes = {
	};
	objectVersion = 50;
	objects = {

/* Begin PBXBuildFile section */
		7E6A293F241368AE0039C6E7 /* AppDelegate.swift in Sources */ = {isa = PBXBuildFile; fileRef = 7E6A293E241368AE0039C6E7 /* AppDelegate.swift */; };
		7E6A2941241368AE0039C6E7 /* SceneDelegate.swift in Sources */ = {isa = PBXBuildFile; fileRef = 7E6A2940241368AE0039C6E7 /* SceneDelegate.swift */; };
		7E6A2943241368AE0039C6E7 /* ViewController.swift in Sources */ = {isa = PBXBuildFile; fileRef = 7E6A2942241368AE0039C6E7 /* ViewController.swift */; };
		7E6A2946241368AE0039C6E7 /* Main.storyboard in Resources */ = {isa = PBXBuildFile; fileRef = 7E6A2944241368AE0039C6E7 /* Main.storyboard */; };
		7E6A2948241368AE0039C6E7 /* Assets.xcassets in Resources */ = {isa = PBXBuildFile; fileRef = 7E6A2947241368AE0039C6E7 /* Assets.xcassets */; };
		7E6A294B241368AE0039C6E7 /* LaunchScreen.storyboard in Resources */ = {isa = PBXBuildFile; fileRef = 7E6A2949241368AE0039C6E7 /* LaunchScreen.storyboard */; };
		7E7695642415FE6900AAD2EB /* gk.wav in Resources */ = {isa = PBXBuildFile; fileRef = 7E7695582415FE6800AAD2EB /* gk.wav */; };
		7E7695652415FE6900AAD2EB /* f.wav in Resources */ = {isa = PBXBuildFile; fileRef = 7E7695592415FE6800AAD2EB /* f.wav */; };
		7E7695662415FE6900AAD2EB /* ck.wav in Resources */ = {isa = PBXBuildFile; fileRef = 7E76955A2415FE6800AAD2EB /* ck.wav */; };
		7E7695672415FE6900AAD2EB /* d.wav in Resources */ = {isa = PBXBuildFile; fileRef = 7E76955B2415FE6800AAD2EB /* d.wav */; };
		7E7695682415FE6900AAD2EB /* e.wav in Resources */ = {isa = PBXBuildFile; fileRef = 7E76955C2415FE6800AAD2EB /* e.wav */; };
		7E7695692415FE6900AAD2EB /* c.wav in Resources */ = {isa = PBXBuildFile; fileRef = 7E76955D2415FE6800AAD2EB /* c.wav */; };
		7E76956A2415FE6900AAD2EB /* g.wav in Resources */ = {isa = PBXBuildFile; fileRef = 7E76955E2415FE6800AAD2EB /* g.wav */; };
		7E76956B2415FE6900AAD2EB /* b.wav in Resources */ = {isa = PBXBuildFile; fileRef = 7E76955F2415FE6900AAD2EB /* b.wav */; };
		7E76956C2415FE6900AAD2EB /* dk.wav in Resources */ = {isa = PBXBuildFile; fileRef = 7E7695602415FE6900AAD2EB /* dk.wav */; };
		7E76956D2415FE6900AAD2EB /* ak.wav in Resources */ = {isa = PBXBuildFile; fileRef = 7E7695612415FE6900AAD2EB /* ak.wav */; };
		7E76956E2415FE6900AAD2EB /* a.wav in Resources */ = {isa = PBXBuildFile; fileRef = 7E7695622415FE6900AAD2EB /* a.wav */; };
		7E76956F2415FE6900AAD2EB /* fk.wav in Resources */ = {isa = PBXBuildFile; fileRef = 7E7695632415FE6900AAD2EB /* fk.wav */; };
/* End PBXBuildFile section */

/* Begin PBXFileReference section */
		7E6A293B241368AE0039C6E7 /* Tunes!.app */ = {isa = PBXFileReference; explicitFileType = wrapper.application; includeInIndex = 0; path = "Tunes!.app"; sourceTree = BUILT_PRODUCTS_DIR; };
		7E6A293E241368AE0039C6E7 /* AppDelegate.swift */ = {isa = PBXFileReference; lastKnownFileType = sourcecode.swift; path = AppDelegate.swift; sourceTree = "<group>"; };
		7E6A2940241368AE0039C6E7 /* SceneDelegate.swift */ = {isa = PBXFileReference; lastKnownFileType = sourcecode.swift; path = SceneDelegate.swift; sourceTree = "<group>"; };
		7E6A2942241368AE0039C6E7 /* ViewController.swift */ = {isa = PBXFileReference; lastKnownFileType = sourcecode.swift; path = ViewController.swift; sourceTree = "<group>"; };
		7E6A2945241368AE0039C6E7 /* Base */ = {isa = PBXFileReference; lastKnownFileType = file.storyboard; name = Base; path = Base.lproj/Main.storyboard; sourceTree = "<group>"; };
		7E6A2947241368AE0039C6E7 /* Assets.xcassets */ = {isa = PBXFileReference; lastKnownFileType = folder.assetcatalog; path = Assets.xcassets; sourceTree = "<group>"; };
		7E6A294A241368AE0039C6E7 /* Base */ = {isa = PBXFileReference; lastKnownFileType = file.storyboard; name = Base; path = Base.lproj/LaunchScreen.storyboard; sourceTree = "<group>"; };
		7E6A294C241368AE0039C6E7 /* Info.plist */ = {isa = PBXFileReference; lastKnownFileType = text.plist.xml; path = Info.plist; sourceTree = "<group>"; };
		7E7695582415FE6800AAD2EB /* gk.wav */ = {isa = PBXFileReference; lastKnownFileType = audio.wav; path = gk.wav; sourceTree = "<group>"; };
		7E7695592415FE6800AAD2EB /* f.wav */ = {isa = PBXFileReference; lastKnownFileType = audio.wav; path = f.wav; sourceTree = "<group>"; };
		7E76955A2415FE6800AAD2EB /* ck.wav */ = {isa = PBXFileReference; lastKnownFileType = audio.wav; path = ck.wav; sourceTree = "<group>"; };
		7E76955B2415FE6800AAD2EB /* d.wav */ = {isa = PBXFileReference; lastKnownFileType = audio.wav; path = d.wav; sourceTree = "<group>"; };
		7E76955C2415FE6800AAD2EB /* e.wav */ = {isa = PBXFileReference; lastKnownFileType = audio.wav; path = e.wav; sourceTree = "<group>"; };
		7E76955D2415FE6800AAD2EB /* c.wav */ = {isa = PBXFileReference; lastKnownFileType = audio.wav; path = c.wav; sourceTree = "<group>"; };
		7E76955E2415FE6800AAD2EB /* g.wav */ = {isa = PBXFileReference; lastKnownFileType = audio.wav; path = g.wav; sourceTree = "<group>"; };
		7E76955F2415FE6900AAD2EB /* b.wav */ = {isa = PBXFileReference; lastKnownFileType = audio.wav; path = b.wav; sourceTree = "<group>"; };
		7E7695602415FE6900AAD2EB /* dk.wav */ = {isa = PBXFileReference; lastKnownFileType = audio.wav; path = dk.wav; sourceTree = "<group>"; };
		7E7695612415FE6900AAD2EB /* ak.wav */ = {isa = PBXFileReference; lastKnownFileType = audio.wav; path = ak.wav; sourceTree = "<group>"; };
		7E7695622415FE6900AAD2EB /* a.wav */ = {isa = PBXFileReference; lastKnownFileType = audio.wav; path = a.wav; sourceTree = "<group>"; };
		7E7695632415FE6900AAD2EB /* fk.wav */ = {isa = PBXFileReference; lastKnownFileType = audio.wav; path = fk.wav; sourceTree = "<group>"; };
/* End PBXFileReference section */

/* Begin PBXFrameworksBuildPhase section */
		7E6A2938241368AE0039C6E7 /* Frameworks */ = {
			isa = PBXFrameworksBuildPhase;
			buildActionMask = 2147483647;
			files = (
			);
			runOnlyForDeploymentPostprocessing = 0;
		};
/* End PBXFrameworksBuildPhase section */

/* Begin PBXGroup section */
		7E6A2932241368AE0039C6E7 = {
			isa = PBXGroup;
			children = (
				7E6A293D241368AE0039C6E7 /* Tunes! */,
				7E6A293C241368AE0039C6E7 /* Products */,
			);
			sourceTree = "<group>";
		};
		7E6A293C241368AE0039C6E7 /* Products */ = {
			isa = PBXGroup;
			children = (
				7E6A293B241368AE0039C6E7 /* Tunes!.app */,
			);
			name = Products;
			sourceTree = "<group>";
		};
		7E6A293D241368AE0039C6E7 /* Tunes! */ = {
			isa = PBXGroup;
			children = (
				7E7695712415FEE600AAD2EB /* Sounds */,
				7E6A293E241368AE0039C6E7 /* AppDelegate.swift */,
				7E6A2940241368AE0039C6E7 /* SceneDelegate.swift */,
				7E6A2942241368AE0039C6E7 /* ViewController.swift */,
				7E6A2944241368AE0039C6E7 /* Main.storyboard */,
				7E6A2947241368AE0039C6E7 /* Assets.xcassets */,
				7E6A2949241368AE0039C6E7 /* LaunchScreen.storyboard */,
				7E6A294C241368AE0039C6E7 /* Info.plist */,
			);
			path = "Tunes!";
			sourceTree = "<group>";
		};
		7E7695712415FEE600AAD2EB /* Sounds */ = {
			isa = PBXGroup;
			children = (
				7E7695592415FE6800AAD2EB /* f.wav */,
				7E7695632415FE6900AAD2EB /* fk.wav */,
				7E76955E2415FE6800AAD2EB /* g.wav */,
				7E7695582415FE6800AAD2EB /* gk.wav */,
				7E7695622415FE6900AAD2EB /* a.wav */,
				7E7695612415FE6900AAD2EB /* ak.wav */,
				7E76955F2415FE6900AAD2EB /* b.wav */,
				7E76955D2415FE6800AAD2EB /* c.wav */,
				7E76955A2415FE6800AAD2EB /* ck.wav */,
				7E76955B2415FE6800AAD2EB /* d.wav */,
				7E7695602415FE6900AAD2EB /* dk.wav */,
				7E76955C2415FE6800AAD2EB /* e.wav */,
			);
			path = Sounds;
			sourceTree = "<group>";
		};
/* End PBXGroup section */

/* Begin PBXNativeTarget section */
		7E6A293A241368AE0039C6E7 /* Tunes! */ = {
			isa = PBXNativeTarget;
			buildConfigurationList = 7E6A294F241368AE0039C6E7 /* Build configuration list for PBXNativeTarget "Tunes!" */;
			buildPhases = (
				7E6A2937241368AE0039C6E7 /* Sources */,
				7E6A2938241368AE0039C6E7 /* Frameworks */,
				7E6A2939241368AE0039C6E7 /* Resources */,
			);
			buildRules = (
			);
			dependencies = (
			);
			name = "Tunes!";
			productName = "Tunes!";
			productReference = 7E6A293B241368AE0039C6E7 /* Tunes!.app */;
			productType = "com.apple.product-type.application";
		};
/* End PBXNativeTarget section */

/* Begin PBXProject section */
		7E6A2933241368AE0039C6E7 /* Project object */ = {
			isa = PBXProject;
			attributes = {
				LastSwiftUpdateCheck = 1130;
				LastUpgradeCheck = 1130;
				ORGANIZATIONNAME = "Samuel Christian Silalahi";
				TargetAttributes = {
					7E6A293A241368AE0039C6E7 = {
						CreatedOnToolsVersion = 11.3.1;
					};
				};
			};
			buildConfigurationList = 7E6A2936241368AE0039C6E7 /* Build configuration list for PBXProject "Tunes!" */;
			compatibilityVersion = "Xcode 9.3";
			developmentRegion = en;
			hasScannedForEncodings = 0;
			knownRegions = (
				en,
				Base,
			);
			mainGroup = 7E6A2932241368AE0039C6E7;
			productRefGroup = 7E6A293C241368AE0039C6E7 /* Products */;
			projectDirPath = "";
			projectRoot = "";
			targets = (
				7E6A293A241368AE0039C6E7 /* Tunes! */,
			);
		};
/* End PBXProject section */

/* Begin PBXResourcesBuildPhase section */
		7E6A2939241368AE0039C6E7 /* Resources */ = {
			isa = PBXResourcesBuildPhase;
			buildActionMask = 2147483647;
			files = (
				7E76956F2415FE6900AAD2EB /* fk.wav in Resources */,
				7E76956D2415FE6900AAD2EB /* ak.wav in Resources */,
				7E76956B2415FE6900AAD2EB /* b.wav in Resources */,
				7E76956C2415FE6900AAD2EB /* dk.wav in Resources */,
				7E7695672415FE6900AAD2EB /* d.wav in Resources */,
				7E7695662415FE6900AAD2EB /* ck.wav in Resources */,
				7E76956A2415FE6900AAD2EB /* g.wav in Resources */,
				7E7695642415FE6900AAD2EB /* gk.wav in Resources */,
				7E6A294B241368AE0039C6E7 /* LaunchScreen.storyboard in Resources */,
				7E6A2948241368AE0039C6E7 /* Assets.xcassets in Resources */,
				7E6A2946241368AE0039C6E7 /* Main.storyboard in Resources */,
				7E7695692415FE6900AAD2EB /* c.wav in Resources */,
				7E7695682415FE6900AAD2EB /* e.wav in Resources */,
				7E76956E2415FE6900AAD2EB /* a.wav in Resources */,
				7E7695652415FE6900AAD2EB /* f.wav in Resources */,
			);
			runOnlyForDeploymentPostprocessing = 0;
		};
/* End PBXResourcesBuildPhase section */

/* Begin PBXSourcesBuildPhase section */
		7E6A2937241368AE0039C6E7 /* Sources */ = {
			isa = PBXSourcesBuildPhase;
			buildActionMask = 2147483647;
			files = (
				7E6A2943241368AE0039C6E7 /* ViewController.swift in Sources */,
				7E6A293F241368AE0039C6E7 /* AppDelegate.swift in Sources */,
				7E6A2941241368AE0039C6E7 /* SceneDelegate.swift in Sources */,
			);
			runOnlyForDeploymentPostprocessing = 0;
		};
/* End PBXSourcesBuildPhase section */

/* Begin PBXVariantGroup section */
		7E6A2944241368AE0039C6E7 /* Main.storyboard */ = {
			isa = PBXVariantGroup;
			children = (
				7E6A2945241368AE0039C6E7 /* Base */,
			);
			name = Main.storyboard;
			sourceTree = "<group>";
		};
		7E6A2949241368AE0039C6E7 /* LaunchScreen.storyboard */ = {
			isa = PBXVariantGroup;
			children = (
				7E6A294A241368AE0039C6E7 /* Base */,
			);
			name = LaunchScreen.storyboard;
			sourceTree = "<group>";
		};
/* End PBXVariantGroup section */

/* Begin XCBuildConfiguration section */
		7E6A294D241368AE0039C6E7 /* Debug */ = {
			isa = XCBuildConfiguration;
			buildSettings = {
				ALWAYS_SEARCH_USER_PATHS = NO;
				CLANG_ANALYZER_NONNULL = YES;
				CLANG_ANALYZER_NUMBER_OBJECT_CONVERSION = YES_AGGRESSIVE;
				CLANG_CXX_LANGUAGE_STANDARD = "gnu++14";
				CLANG_CXX_LIBRARY = "libc++";
				CLANG_ENABLE_MODULES = YES;
				CLANG_ENABLE_OBJC_ARC = YES;
				CLANG_ENABLE_OBJC_WEAK = YES;
				CLANG_WARN_BLOCK_CAPTURE_AUTORELEASING = YES;
				CLANG_WARN_BOOL_CONVERSION = YES;
				CLANG_WARN_COMMA = YES;
				CLANG_WARN_CONSTANT_CONVERSION = YES;
				CLANG_WARN_DEPRECATED_OBJC_IMPLEMENTATIONS = YES;
				CLANG_WARN_DIRECT_OBJC_ISA_USAGE = YES_ERROR;
				CLANG_WARN_DOCUMENTATION_COMMENTS = YES;
				CLANG_WARN_EMPTY_BODY = YES;
				CLANG_WARN_ENUM_CONVERSION = YES;
				CLANG_WARN_INFINITE_RECURSION = YES;
				CLANG_WARN_INT_CONVERSION = YES;
				CLANG_WARN_NON_LITERAL_NULL_CONVERSION = YES;
				CLANG_WARN_OBJC_IMPLICIT_RETAIN_SELF = YES;
				CLANG_WARN_OBJC_LITERAL_CONVERSION = YES;
				CLANG_WARN_OBJC_ROOT_CLASS = YES_ERROR;
				CLANG_WARN_RANGE_LOOP_ANALYSIS = YES;
				CLANG_WARN_STRICT_PROTOTYPES = YES;
				CLANG_WARN_SUSPICIOUS_MOVE = YES;
				CLANG_WARN_UNGUARDED_AVAILABILITY = YES_AGGRESSIVE;
				CLANG_WARN_UNREACHABLE_CODE = YES;
				CLANG_WARN__DUPLICATE_METHOD_MATCH = YES;
				COPY_PHASE_STRIP = NO;
				DEBUG_INFORMATION_FORMAT = dwarf;
				ENABLE_STRICT_OBJC_MSGSEND = YES;
				ENABLE_TESTABILITY = YES;
				GCC_C_LANGUAGE_STANDARD = gnu11;
				GCC_DYNAMIC_NO_PIC = NO;
				GCC_NO_COMMON_BLOCKS = YES;
				GCC_OPTIMIZATION_LEVEL = 0;
				GCC_PREPROCESSOR_DEFINITIONS = (
					"DEBUG=1",
					"$(inherited)",
				);
				GCC_WARN_64_TO_32_BIT_CONVERSION = YES;
				GCC_WARN_ABOUT_RETURN_TYPE = YES_ERROR;
				GCC_WARN_UNDECLARED_SELECTOR = YES;
				GCC_WARN_UNINITIALIZED_AUTOS = YES_AGGRESSIVE;
				GCC_WARN_UNUSED_FUNCTION = YES;
				GCC_WARN_UNUSED_VARIABLE = YES;
				IPHONEOS_DEPLOYMENT_TARGET = 13.2;
				MTL_ENABLE_DEBUG_INFO = INCLUDE_SOURCE;
				MTL_FAST_MATH = YES;
				ONLY_ACTIVE_ARCH = YES;
				SDKROOT = iphoneos;
				SWIFT_ACTIVE_COMPILATION_CONDITIONS = DEBUG;
				SWIFT_OPTIMIZATION_LEVEL = "-Onone";
			};
			name = Debug;
		};
		7E6A294E241368AE0039C6E7 /* Release */ = {
			isa = XCBuildConfiguration;
			buildSettings = {
				ALWAYS_SEARCH_USER_PATHS = NO;
				CLANG_ANALYZER_NONNULL = YES;
				CLANG_ANALYZER_NUMBER_OBJECT_CONVERSION = YES_AGGRESSIVE;
				CLANG_CXX_LANGUAGE_STANDARD = "gnu++14";
				CLANG_CXX_LIBRARY = "libc++";
				CLANG_ENABLE_MODULES = YES;
				CLANG_ENABLE_OBJC_ARC = YES;
				CLANG_ENABLE_OBJC_WEAK = YES;
				CLANG_WARN_BLOCK_CAPTURE_AUTORELEASING = YES;
				CLANG_WARN_BOOL_CONVERSION = YES;
				CLANG_WARN_COMMA = YES;
				CLANG_WARN_CONSTANT_CONVERSION = YES;
				CLANG_WARN_DEPRECATED_OBJC_IMPLEMENTATIONS = YES;
				CLANG_WARN_DIRECT_OBJC_ISA_USAGE = YES_ERROR;
				CLANG_WARN_DOCUMENTATION_COMMENTS = YES;
				CLANG_WARN_EMPTY_BODY = YES;
				CLANG_WARN_ENUM_CONVERSION = YES;
				CLANG_WARN_INFINITE_RECURSION = YES;
				CLANG_WARN_INT_CONVERSION = YES;
				CLANG_WARN_NON_LITERAL_NULL_CONVERSION = YES;
				CLANG_WARN_OBJC_IMPLICIT_RETAIN_SELF = YES;
				CLANG_WARN_OBJC_LITERAL_CONVERSION = YES;
				CLANG_WARN_OBJC_ROOT_CLASS = YES_ERROR;
				CLANG_WARN_RANGE_LOOP_ANALYSIS = YES;
				CLANG_WARN_STRICT_PROTOTYPES = YES;
				CLANG_WARN_SUSPICIOUS_MOVE = YES;
				CLANG_WARN_UNGUARDED_AVAILABILITY = YES_AGGRESSIVE;
				CLANG_WARN_UNREACHABLE_CODE = YES;
				CLANG_WARN__DUPLICATE_METHOD_MATCH = YES;
				COPY_PHASE_STRIP = NO;
				DEBUG_INFORMATION_FORMAT = "dwarf-with-dsym";
				ENABLE_NS_ASSERTIONS = NO;
				ENABLE_STRICT_OBJC_MSGSEND = YES;
				GCC_C_LANGUAGE_STANDARD = gnu11;
				GCC_NO_COMMON_BLOCKS = YES;
				GCC_WARN_64_TO_32_BIT_CONVERSION = YES;
				GCC_WARN_ABOUT_RETURN_TYPE = YES_ERROR;
				GCC_WARN_UNDECLARED_SELECTOR = YES;
				GCC_WARN_UNINITIALIZED_AUTOS = YES_AGGRESSIVE;
				GCC_WARN_UNUSED_FUNCTION = YES;
				GCC_WARN_UNUSED_VARIABLE = YES;
				IPHONEOS_DEPLOYMENT_TARGET = 13.2;
				MTL_ENABLE_DEBUG_INFO = NO;
				MTL_FAST_MATH = YES;
				SDKROOT = iphoneos;
				SWIFT_COMPILATION_MODE = wholemodule;
				SWIFT_OPTIMIZATION_LEVEL = "-O";
				VALIDATE_PRODUCT = YES;
			};
			name = Release;
		};
		7E6A2950241368AE0039C6E7 /* Debug */ = {
			isa = XCBuildConfiguration;
			buildSettings = {
				ASSETCATALOG_COMPILER_APPICON_NAME = AppIcon;
				CODE_SIGN_STYLE = Automatic;
				DEVELOPMENT_TEAM = TFYU4X5XA3;
				INFOPLIST_FILE = "Tunes!/Info.plist";
				LD_RUNPATH_SEARCH_PATHS = (
					"$(inherited)",
					"@executable_path/Frameworks",
				);
				PRODUCT_BUNDLE_IDENTIFIER = "Apple-Academy.Tunes-";
				PRODUCT_NAME = "$(TARGET_NAME)";
				SWIFT_VERSION = 5.0;
				TARGETED_DEVICE_FAMILY = "1,2";
			};
			name = Debug;
		};
		7E6A2951241368AE0039C6E7 /* Release */ = {
			isa = XCBuildConfiguration;
			buildSettings = {
				ASSETCATALOG_COMPILER_APPICON_NAME = AppIcon;
				CODE_SIGN_STYLE = Automatic;
				DEVELOPMENT_TEAM = TFYU4X5XA3;
				INFOPLIST_FILE = "Tunes!/Info.plist";
				LD_RUNPATH_SEARCH_PATHS = (
					"$(inherited)",
					"@executable_path/Frameworks",
				);
				PRODUCT_BUNDLE_IDENTIFIER = "Apple-Academy.Tunes-";
				PRODUCT_NAME = "$(TARGET_NAME)";
				SWIFT_VERSION = 5.0;
				TARGETED_DEVICE_FAMILY = "1,2";
			};
			name = Release;
		};
/* End XCBuildConfiguration section */

/* Begin XCConfigurationList section */
		7E6A2936241368AE0039C6E7 /* Build configuration list for PBXProject "Tunes!" */ = {
			isa = XCConfigurationList;
			buildConfigurations = (
				7E6A294D241368AE0039C6E7 /* Debug */,
				7E6A294E241368AE0039C6E7 /* Release */,
			);
			defaultConfigurationIsVisible = 0;
			defaultConfigurationName = Release;
		};
		7E6A294F241368AE0039C6E7 /* Build configuration list for PBXNativeTarget "Tunes!" */ = {
			isa = XCConfigurationList;
			buildConfigurations = (
				7E6A2950241368AE0039C6E7 /* Debug */,
				7E6A2951241368AE0039C6E7 /* Release */,
			);
			defaultConfigurationIsVisible = 0;
			defaultConfigurationName = Release;
		};
/* End XCConfigurationList section */
	};
	rootObject = 7E6A2933241368AE0039C6E7 /* Project object */;
}
